
Microsoft Visual Studio Solution File, Format Version 12.00
# Visual Studio 2012
Project("{F2A71F9B-5D33-465A-A702-920D77279786}") = "daemaged.gitinfoplanter", "daemaged.gitinfoplanter\daemaged.gitinfoplanter.fsproj", "{6E94CD30-D29C-4199-9A57-1D7A4383598F}"
EndProject
Global
	GlobalSection(SolutionConfigurationPlatforms) = preSolution
		Debug|AnyCPU = Debug|AnyCPU
		Release|AnyCPU = Release|AnyCPU
	EndGlobalSection
	GlobalSection(ProjectConfigurationPlatforms) = postSolution
		{6E94CD30-D29C-4199-9A57-1D7A4383598F}.Debug|AnyCPU.ActiveCfg = Debug|Any CPU
		{6E94CD30-D29C-4199-9A57-1D7A4383598F}.Debug|AnyCPU.Build.0 = Debug|Any CPU
		{6E94CD30-D29C-4199-9A57-1D7A4383598F}.Release|AnyCPU.ActiveCfg = Release|Any CPU
		{6E94CD30-D29C-4199-9A57-1D7A4383598F}.Release|AnyCPU.Build.0 = Release|Any CPU
	EndGlobalSection
	GlobalSection(SolutionProperties) = preSolution
		HideSolutionNode = FALSE
	EndGlobalSection
EndGlobal
