
Microsoft Visual Studio Solution File, Format Version 12.00
# Visual Studio 2012
Project("{F2A71F9B-5D33-465A-A702-920D77279786}") = "daemaged.gitinfoplanter", "daemaged.gitinfoplanter\daemaged.gitinfoplanter.fsproj", "{6E94CD30-D29C-4199-9A57-1D7A4383598F}"
EndProject
Project("{2150E333-8FDC-42A3-9474-1A3956D46DE8}") = ".nuget", ".nuget", "{2748CB2F-C7B1-4800-BC1C-3E4C6D5FEF1E}"
	ProjectSection(SolutionItems) = preProject
		.nuget\packages.config = .nuget\packages.config
	EndProjectSection
EndProject
Global
	GlobalSection(SolutionConfigurationPlatforms) = preSolution
		Debug|AnyCPU = Debug|AnyCPU
		Release|AnyCPU = Release|AnyCPU
	EndGlobalSection
	GlobalSection(ProjectConfigurationPlatforms) = postSolution
		{6E94CD30-D29C-4199-9A57-1D7A4383598F}.Debug|AnyCPU.ActiveCfg = Debug|Any CPU
		{6E94CD30-D29C-4199-9A57-1D7A4383598F}.Debug|AnyCPU.Build.0 = Debug|Any CPU
		{6E94CD30-D29C-4199-9A57-1D7A4383598F}.Release|AnyCPU.ActiveCfg = Release|Any CPU
		{6E94CD30-D29C-4199-9A57-1D7A4383598F}.Release|AnyCPU.Build.0 = Release|Any CPU
	EndGlobalSection
	GlobalSection(SolutionProperties) = preSolution
		HideSolutionNode = FALSE
	EndGlobalSection
EndGlobal
